{
  "name": "cv",
  "version": "1.0.0",
  "lockfileVersion": 1,
  "requires": true,
  "dependencies": {
    "@nurvus/spawn": {
      "version": "git+https://github.com/UnfocusedDrive/Spawn.git#891e522b37c18aff91c2eec425e8ce3ab72852b3",
      "from": "git+https://github.com/UnfocusedDrive/Spawn.git#master"
    },
    "particleground": {
      "version": "git://github.com/UnfocusedDrive/particleground.git#9a2a2c5f8fcebf8b5a971efc23d00915d1257aaf",
      "from": "git://github.com/UnfocusedDrive/particleground.git#master"
    }
  }
}
